
Microsoft Visual Studio Solution File, Format Version 11.00
# Visual Studio 2010
Project("{FAE04EC0-301F-11D3-BF4B-00C04F79EFBC}") = "VuforiaScripts", "VuforiaScripts.csproj", "{824ECCCA-F4C1-1DEC-194F-1FCB7633025A}"
EndProject
Project("{FAE04EC0-301F-11D3-BF4B-00C04F79EFBC}") = "Assembly-CSharp", "Assembly-CSharp.csproj", "{1EC5E75B-F94E-BBCD-0C2C-DF095EDFDC71}"
EndProject
Project("{FAE04EC0-301F-11D3-BF4B-00C04F79EFBC}") = "VuforiaEditorScripts", "VuforiaEditorScripts.csproj", "{007E3111-AE7E-FCE7-9904-C1849111AA0A}"
EndProject
Project("{FAE04EC0-301F-11D3-BF4B-00C04F79EFBC}") = "Assembly-CSharp-Editor", "Assembly-CSharp-Editor.csproj", "{8C83C538-746C-5F5A-D30E-E26C04C8448B}"
EndProject
Global
	GlobalSection(SolutionConfigurationPlatforms) = preSolution
		Debug|Any CPU = Debug|Any CPU
		Release|Any CPU = Release|Any CPU
	EndGlobalSection
	GlobalSection(ProjectConfigurationPlatforms) = postSolution
		{824ECCCA-F4C1-1DEC-194F-1FCB7633025A}.Debug|Any CPU.ActiveCfg = Debug|Any CPU
		{824ECCCA-F4C1-1DEC-194F-1FCB7633025A}.Debug|Any CPU.Build.0 = Debug|Any CPU
		{824ECCCA-F4C1-1DEC-194F-1FCB7633025A}.Release|Any CPU.ActiveCfg = Release|Any CPU
		{824ECCCA-F4C1-1DEC-194F-1FCB7633025A}.Release|Any CPU.Build.0 = Release|Any CPU
		{1EC5E75B-F94E-BBCD-0C2C-DF095EDFDC71}.Debug|Any CPU.ActiveCfg = Debug|Any CPU
		{1EC5E75B-F94E-BBCD-0C2C-DF095EDFDC71}.Debug|Any CPU.Build.0 = Debug|Any CPU
		{1EC5E75B-F94E-BBCD-0C2C-DF095EDFDC71}.Release|Any CPU.ActiveCfg = Release|Any CPU
		{1EC5E75B-F94E-BBCD-0C2C-DF095EDFDC71}.Release|Any CPU.Build.0 = Release|Any CPU
		{007E3111-AE7E-FCE7-9904-C1849111AA0A}.Debug|Any CPU.ActiveCfg = Debug|Any CPU
		{007E3111-AE7E-FCE7-9904-C1849111AA0A}.Debug|Any CPU.Build.0 = Debug|Any CPU
		{007E3111-AE7E-FCE7-9904-C1849111AA0A}.Release|Any CPU.ActiveCfg = Release|Any CPU
		{007E3111-AE7E-FCE7-9904-C1849111AA0A}.Release|Any CPU.Build.0 = Release|Any CPU
		{8C83C538-746C-5F5A-D30E-E26C04C8448B}.Debug|Any CPU.ActiveCfg = Debug|Any CPU
		{8C83C538-746C-5F5A-D30E-E26C04C8448B}.Debug|Any CPU.Build.0 = Debug|Any CPU
		{8C83C538-746C-5F5A-D30E-E26C04C8448B}.Release|Any CPU.ActiveCfg = Release|Any CPU
		{8C83C538-746C-5F5A-D30E-E26C04C8448B}.Release|Any CPU.Build.0 = Release|Any CPU
	EndGlobalSection
	GlobalSection(SolutionProperties) = preSolution
		HideSolutionNode = FALSE
	EndGlobalSection
	GlobalSection(MonoDevelopProperties) = preSolution
		StartupItem = Assembly-CSharp.csproj
	EndGlobalSection
EndGlobal
