
Microsoft Visual Studio Solution File, Format Version 11.00
# Visual Studio 2010
Project("{FAE04EC0-301F-11D3-BF4B-00C04F79EFBC}") = "VuforiaScripts", "VuforiaScripts.csproj", "{A0776201-A4F9-B9CD-EE32-D68C2CC476E6}"
EndProject
Project("{FAE04EC0-301F-11D3-BF4B-00C04F79EFBC}") = "Assembly-CSharp", "Assembly-CSharp.csproj", "{A573B614-1CD5-08A3-8772-15384ACC5B2F}"
EndProject
Project("{FAE04EC0-301F-11D3-BF4B-00C04F79EFBC}") = "VuforiaEditorScripts", "VuforiaEditorScripts.csproj", "{CA9AE3F4-E2BF-F84A-EB02-4413AB7DAFBA}"
EndProject
Project("{FAE04EC0-301F-11D3-BF4B-00C04F79EFBC}") = "Assembly-CSharp-Editor", "Assembly-CSharp-Editor.csproj", "{0FBE8973-6D29-E4EE-86FC-1A5C5D12066E}"
EndProject
Global
	GlobalSection(SolutionConfigurationPlatforms) = preSolution
		Debug|Any CPU = Debug|Any CPU
		Release|Any CPU = Release|Any CPU
	EndGlobalSection
	GlobalSection(ProjectConfigurationPlatforms) = postSolution
		{A0776201-A4F9-B9CD-EE32-D68C2CC476E6}.Debug|Any CPU.ActiveCfg = Debug|Any CPU
		{A0776201-A4F9-B9CD-EE32-D68C2CC476E6}.Debug|Any CPU.Build.0 = Debug|Any CPU
		{A0776201-A4F9-B9CD-EE32-D68C2CC476E6}.Release|Any CPU.ActiveCfg = Release|Any CPU
		{A0776201-A4F9-B9CD-EE32-D68C2CC476E6}.Release|Any CPU.Build.0 = Release|Any CPU
		{A573B614-1CD5-08A3-8772-15384ACC5B2F}.Debug|Any CPU.ActiveCfg = Debug|Any CPU
		{A573B614-1CD5-08A3-8772-15384ACC5B2F}.Debug|Any CPU.Build.0 = Debug|Any CPU
		{A573B614-1CD5-08A3-8772-15384ACC5B2F}.Release|Any CPU.ActiveCfg = Release|Any CPU
		{A573B614-1CD5-08A3-8772-15384ACC5B2F}.Release|Any CPU.Build.0 = Release|Any CPU
		{CA9AE3F4-E2BF-F84A-EB02-4413AB7DAFBA}.Debug|Any CPU.ActiveCfg = Debug|Any CPU
		{CA9AE3F4-E2BF-F84A-EB02-4413AB7DAFBA}.Debug|Any CPU.Build.0 = Debug|Any CPU
		{CA9AE3F4-E2BF-F84A-EB02-4413AB7DAFBA}.Release|Any CPU.ActiveCfg = Release|Any CPU
		{CA9AE3F4-E2BF-F84A-EB02-4413AB7DAFBA}.Release|Any CPU.Build.0 = Release|Any CPU
		{0FBE8973-6D29-E4EE-86FC-1A5C5D12066E}.Debug|Any CPU.ActiveCfg = Debug|Any CPU
		{0FBE8973-6D29-E4EE-86FC-1A5C5D12066E}.Debug|Any CPU.Build.0 = Debug|Any CPU
		{0FBE8973-6D29-E4EE-86FC-1A5C5D12066E}.Release|Any CPU.ActiveCfg = Release|Any CPU
		{0FBE8973-6D29-E4EE-86FC-1A5C5D12066E}.Release|Any CPU.Build.0 = Release|Any CPU
	EndGlobalSection
	GlobalSection(SolutionProperties) = preSolution
		HideSolutionNode = FALSE
	EndGlobalSection
	GlobalSection(MonoDevelopProperties) = preSolution
		StartupItem = Assembly-CSharp.csproj
	EndGlobalSection
EndGlobal
